
Microsoft Visual Studio Solution File, Format Version 12.00
# Visual Studio 15
VisualStudioVersion = 15.0.28307.1000
MinimumVisualStudioVersion = 10.0.40219.1
Project("{FAE04EC0-301F-11D3-BF4B-00C04F79EFBC}") = "task2", "task2\task2.csproj", "{C20B9174-47FA-4200-BE05-253B858A15CB}"
EndProject
Project("{FAE04EC0-301F-11D3-BF4B-00C04F79EFBC}") = "task3", "task3\task3.csproj", "{2C6914D7-8A37-4FD0-B6A6-FF9F23F8AA02}"
EndProject
Project("{FAE04EC0-301F-11D3-BF4B-00C04F79EFBC}") = "task4", "task4\task4.csproj", "{C88A86FE-DF8E-4375-8AB7-99172CF52FB1}"
EndProject
Project("{FAE04EC0-301F-11D3-BF4B-00C04F79EFBC}") = "task5", "task5\task5.csproj", "{4D77DDAC-E2FC-4162-BE06-89CC7BB1E846}"
EndProject
Project("{FAE04EC0-301F-11D3-BF4B-00C04F79EFBC}") = "task1", "task1\task1.csproj", "{5F8BA56D-3C72-469A-9228-BF4D552D5B90}"
EndProject
Project("{2150E333-8FDC-42A3-9474-1A3956D46DE8}") = "Solution Items", "Solution Items", "{83F9F232-799B-4972-8F73-1EA7872F7990}"
	ProjectSection(SolutionItems) = preProject
		RandomExtensions.cs = RandomExtensions.cs
	EndProjectSection
EndProject
Global
	GlobalSection(SolutionConfigurationPlatforms) = preSolution
		Debug|Any CPU = Debug|Any CPU
		Release|Any CPU = Release|Any CPU
	EndGlobalSection
	GlobalSection(ProjectConfigurationPlatforms) = postSolution
		{C20B9174-47FA-4200-BE05-253B858A15CB}.Debug|Any CPU.ActiveCfg = Debug|Any CPU
		{C20B9174-47FA-4200-BE05-253B858A15CB}.Debug|Any CPU.Build.0 = Debug|Any CPU
		{C20B9174-47FA-4200-BE05-253B858A15CB}.Release|Any CPU.ActiveCfg = Release|Any CPU
		{C20B9174-47FA-4200-BE05-253B858A15CB}.Release|Any CPU.Build.0 = Release|Any CPU
		{2C6914D7-8A37-4FD0-B6A6-FF9F23F8AA02}.Debug|Any CPU.ActiveCfg = Debug|Any CPU
		{2C6914D7-8A37-4FD0-B6A6-FF9F23F8AA02}.Debug|Any CPU.Build.0 = Debug|Any CPU
		{2C6914D7-8A37-4FD0-B6A6-FF9F23F8AA02}.Release|Any CPU.ActiveCfg = Release|Any CPU
		{2C6914D7-8A37-4FD0-B6A6-FF9F23F8AA02}.Release|Any CPU.Build.0 = Release|Any CPU
		{C88A86FE-DF8E-4375-8AB7-99172CF52FB1}.Debug|Any CPU.ActiveCfg = Debug|Any CPU
		{C88A86FE-DF8E-4375-8AB7-99172CF52FB1}.Debug|Any CPU.Build.0 = Debug|Any CPU
		{C88A86FE-DF8E-4375-8AB7-99172CF52FB1}.Release|Any CPU.ActiveCfg = Release|Any CPU
		{C88A86FE-DF8E-4375-8AB7-99172CF52FB1}.Release|Any CPU.Build.0 = Release|Any CPU
		{4D77DDAC-E2FC-4162-BE06-89CC7BB1E846}.Debug|Any CPU.ActiveCfg = Debug|Any CPU
		{4D77DDAC-E2FC-4162-BE06-89CC7BB1E846}.Debug|Any CPU.Build.0 = Debug|Any CPU
		{4D77DDAC-E2FC-4162-BE06-89CC7BB1E846}.Release|Any CPU.ActiveCfg = Release|Any CPU
		{4D77DDAC-E2FC-4162-BE06-89CC7BB1E846}.Release|Any CPU.Build.0 = Release|Any CPU
		{5F8BA56D-3C72-469A-9228-BF4D552D5B90}.Debug|Any CPU.ActiveCfg = Debug|Any CPU
		{5F8BA56D-3C72-469A-9228-BF4D552D5B90}.Debug|Any CPU.Build.0 = Debug|Any CPU
		{5F8BA56D-3C72-469A-9228-BF4D552D5B90}.Release|Any CPU.ActiveCfg = Release|Any CPU
		{5F8BA56D-3C72-469A-9228-BF4D552D5B90}.Release|Any CPU.Build.0 = Release|Any CPU
	EndGlobalSection
	GlobalSection(SolutionProperties) = preSolution
		HideSolutionNode = FALSE
	EndGlobalSection
	GlobalSection(ExtensibilityGlobals) = postSolution
		SolutionGuid = {5AE8AE8A-4F65-4A1F-AC21-0CBA56C416AE}
	EndGlobalSection
EndGlobal
